
Microsoft Visual Studio Solution File, Format Version 12.00
# Visual Studio Version 17
VisualStudioVersion = 17.8.34330.188
MinimumVisualStudioVersion = 10.0.40219.1
Project("{FAE04EC0-301F-11D3-BF4B-00C04F79EFBC}") = "WebApplication_Configuration", "WebApplication_Configuration\WebApplication_Configuration.csproj", "{515A8D67-BF65-4430-B39C-459345FDCFD8}"
EndProject
Global
	GlobalSection(SolutionConfigurationPlatforms) = preSolution
		Debug|Any CPU = Debug|Any CPU
		Release|Any CPU = Release|Any CPU
	EndGlobalSection
	GlobalSection(ProjectConfigurationPlatforms) = postSolution
		{515A8D67-BF65-4430-B39C-459345FDCFD8}.Debug|Any CPU.ActiveCfg = Debug|Any CPU
		{515A8D67-BF65-4430-B39C-459345FDCFD8}.Debug|Any CPU.Build.0 = Debug|Any CPU
		{515A8D67-BF65-4430-B39C-459345FDCFD8}.Release|Any CPU.ActiveCfg = Release|Any CPU
		{515A8D67-BF65-4430-B39C-459345FDCFD8}.Release|Any CPU.Build.0 = Release|Any CPU
	EndGlobalSection
	GlobalSection(SolutionProperties) = preSolution
		HideSolutionNode = FALSE
	EndGlobalSection
	GlobalSection(ExtensibilityGlobals) = postSolution
		SolutionGuid = {1D06C266-DD2E-47BF-9221-8F3876AA7737}
	EndGlobalSection
EndGlobal
